
Microsoft Visual Studio Solution File, Format Version 12.00
# Visual Studio Version 16
VisualStudioVersion = 16.6.30114.105
MinimumVisualStudioVersion = 10.0.40219.1
Project("{2150E333-8FDC-42A3-9474-1A3956D46DE8}") = "src", "src", "{53891ED7-0F4D-47C2-AC2D-4E7267D9FCD9}"
EndProject
Project("{FAE04EC0-301F-11D3-BF4B-00C04F79EFBC}") = "IdentityServer", "src\IdentityServer\IdentityServer.csproj", "{B647516C-81CE-4656-BE83-9842AD63D3C9}"
EndProject
Global
	GlobalSection(SolutionConfigurationPlatforms) = preSolution
		Debug|Any CPU = Debug|Any CPU
		Release|Any CPU = Release|Any CPU
	EndGlobalSection
	GlobalSection(ProjectConfigurationPlatforms) = postSolution
		{B647516C-81CE-4656-BE83-9842AD63D3C9}.Debug|Any CPU.ActiveCfg = Debug|Any CPU
		{B647516C-81CE-4656-BE83-9842AD63D3C9}.Debug|Any CPU.Build.0 = Debug|Any CPU
		{B647516C-81CE-4656-BE83-9842AD63D3C9}.Release|Any CPU.ActiveCfg = Release|Any CPU
		{B647516C-81CE-4656-BE83-9842AD63D3C9}.Release|Any CPU.Build.0 = Release|Any CPU
	EndGlobalSection
	GlobalSection(SolutionProperties) = preSolution
		HideSolutionNode = FALSE
	EndGlobalSection
	GlobalSection(NestedProjects) = preSolution
		{B647516C-81CE-4656-BE83-9842AD63D3C9} = {53891ED7-0F4D-47C2-AC2D-4E7267D9FCD9}
	EndGlobalSection
	GlobalSection(ExtensibilityGlobals) = postSolution
		SolutionGuid = {7CC42712-FF34-44C0-87CA-276F215827D5}
	EndGlobalSection
EndGlobal
